<?xml version="1.0" encoding="utf-8"?>
<Project ToolsVersion="4.0" xmlns="http://schemas.microsoft.com/developer/msbuild/2003">
  <ItemGroup>
    <Filter Include="Source Files">
      <UniqueIdentifier>{4FC737F1-C7A5-4376-A066-2A32D752A2FF}</UniqueIdentifier>
      <Extensions>cpp;c;cc;cxx;def;odl;idl;hpj;bat;asm;asmx</Extensions>
    </Filter>
    <Filter Include="Header Files">
      <UniqueIdentifier>{93995380-89BD-4b04-88EB-625FBE52EBFB}</UniqueIdentifier>
      <Extensions>h;hh;hpp;hxx;hm;inl;inc;xsd</Extensions>
    </Filter>
    <Filter Include="Resource Files">
      <UniqueIdentifier>{67DA6AB6-F800-4c08-8B7A-83BB121AAD01}</UniqueIdentifier>
      <Extensions>rc;ico;cur;bmp;dlg;rc2;rct;bin;rgs;gif;jpg;jpeg;jpe;resx;tiff;tif;png;wav;mfcribbon-ms</Extensions>
    </Filter>
    <Filter Include="Header Files\engine">
      <UniqueIdentifier>{3ddb6f80-6f03-4ac2-9f2d-8720f7c6189c}</UniqueIdentifier>
    </Filter>
    <Filter Include="Header Files\engine\json">
      <UniqueIdentifier>{1e3831cd-58e6-490a-a507-51755f25ad23}</UniqueIdentifier>
    </Filter>
    <Filter Include="Source Files\engine">
      <UniqueIdentifier>{d3ad5e68-4ef4-46f5-91b0-35ba3d0dfe27}</UniqueIdentifier>
    </Filter>
  </ItemGroup>
  <ItemGroup>
    <Text Include="ReadMe.txt" />
  </ItemGroup>
  <ItemGroup>
    <ClInclude Include="H2HAdventure.h">
      <Filter>Header Files</Filter>
    </ClInclude>
    <ClInclude Include="H2HAdventureDlg.h">
      <Filter>Header Files</Filter>
    </ClInclude>
    <ClInclude Include="stdafx.h">
      <Filter>Header Files</Filter>
    </ClInclude>
    <ClInclude Include="targetver.h">
      <Filter>Header Files</Filter>
    </ClInclude>
    <ClInclude Include="Resource.h">
      <Filter>Header Files</Filter>
    </ClInclude>
    <ClInclude Include="..\engine\ActionQueue.hpp">
      <Filter>Header Files\engine</Filter>
    </ClInclude>
    <ClInclude Include="..\engine\Adventure.h">
      <Filter>Header Files\engine</Filter>
    </ClInclude>
    <ClInclude Include="..\engine\adventure_sys.h">
      <Filter>Header Files\engine</Filter>
    </ClInclude>
    <ClInclude Include="..\engine\Ball.hpp">
      <Filter>Header Files\engine</Filter>
    </ClInclude>
    <ClInclude Include="..\engine\Bat.hpp">
      <Filter>Header Files\engine</Filter>
    </ClInclude>
    <ClInclude Include="..\engine\Board.hpp">
      <Filter>Header Files\engine</Filter>
    </ClInclude>
    <ClInclude Include="..\engine\color.h">
      <Filter>Header Files\engine</Filter>
    </ClInclude>
    <ClInclude Include="..\engine\Dragon.hpp">
      <Filter>Header Files\engine</Filter>
    </ClInclude>
    <ClInclude Include="..\engine\GameObject.hpp">
      <Filter>Header Files\engine</Filter>
    </ClInclude>
    <ClInclude Include="..\engine\GameSetup.hpp">
      <Filter>Header Files\engine</Filter>
    </ClInclude>
    <ClInclude Include="..\engine\List.hpp">
      <Filter>Header Files\engine</Filter>
    </ClInclude>
    <ClInclude Include="..\engine\Logger.hpp">
      <Filter>Header Files\engine</Filter>
    </ClInclude>
    <ClInclude Include="..\engine\Map.hpp">
      <Filter>Header Files\engine</Filter>
    </ClInclude>
    <ClInclude Include="..\engine\Portcullis.hpp">
      <Filter>Header Files\engine</Filter>
    </ClInclude>
    <ClInclude Include="..\engine\RemoteAction.hpp">
      <Filter>Header Files\engine</Filter>
    </ClInclude>
    <ClInclude Include="..\engine\RestClient.hpp">
      <Filter>Header Files\engine</Filter>
    </ClInclude>
    <ClInclude Include="..\engine\Room.hpp">
      <Filter>Header Files\engine</Filter>
    </ClInclude>
    <ClInclude Include="..\engine\ScriptedSync.hpp">
      <Filter>Header Files\engine</Filter>
    </ClInclude>
    <ClInclude Include="..\engine\Sync.hpp">
      <Filter>Header Files\engine</Filter>
    </ClInclude>
    <ClInclude Include="..\engine\sys.h">
      <Filter>Header Files\engine</Filter>
    </ClInclude>
    <ClInclude Include="..\engine\Sys.hpp">
      <Filter>Header Files\engine</Filter>
    </ClInclude>
    <ClInclude Include="..\engine\Transport.hpp">
      <Filter>Header Files\engine</Filter>
    </ClInclude>
    <ClInclude Include="..\engine\UdpSocket.hpp">
      <Filter>Header Files\engine</Filter>
    </ClInclude>
    <ClInclude Include="..\engine\UdpTransport.hpp">
      <Filter>Header Files\engine</Filter>
    </ClInclude>
    <ClInclude Include="..\engine\json\json.h">
      <Filter>Header Files\engine\json</Filter>
    </ClInclude>
    <ClInclude Include="..\engine\json\json-forwards.h">
      <Filter>Header Files\engine\json</Filter>
    </ClInclude>
  </ItemGroup>
  <ItemGroup>
    <ClCompile Include="H2HAdventure.cpp">
      <Filter>Source Files</Filter>
    </ClCompile>
    <ClCompile Include="H2HAdventureDlg.cpp">
      <Filter>Source Files</Filter>
    </ClCompile>
    <ClCompile Include="stdafx.cpp">
      <Filter>Source Files</Filter>
    </ClCompile>
    <ClCompile Include="..\engine\ActionQueue.cpp">
      <Filter>Source Files\engine</Filter>
    </ClCompile>
    <ClCompile Include="..\engine\Adventure.cpp">
      <Filter>Source Files\engine</Filter>
    </ClCompile>
    <ClCompile Include="..\engine\Ball.cpp">
      <Filter>Source Files\engine</Filter>
    </ClCompile>
    <ClCompile Include="..\engine\Bat.cpp">
      <Filter>Source Files\engine</Filter>
    </ClCompile>
    <ClCompile Include="..\engine\Board.cpp">
      <Filter>Source Files\engine</Filter>
    </ClCompile>
    <ClCompile Include="..\engine\Dragon.cpp">
      <Filter>Source Files\engine</Filter>
    </ClCompile>
    <ClCompile Include="..\engine\GameObject.cpp">
      <Filter>Source Files\engine</Filter>
    </ClCompile>
    <ClCompile Include="..\engine\GameSetup.cpp">
      <Filter>Source Files\engine</Filter>
    </ClCompile>
    <ClCompile Include="..\engine\jsoncpp.cpp">
      <Filter>Source Files\engine</Filter>
    </ClCompile>
    <ClCompile Include="..\engine\Logger.cpp">
      <Filter>Source Files\engine</Filter>
    </ClCompile>
    <ClCompile Include="..\engine\Map.cpp">
      <Filter>Source Files\engine</Filter>
    </ClCompile>
    <ClCompile Include="..\engine\Portcullis.cpp">
      <Filter>Source Files\engine</Filter>
    </ClCompile>
    <ClCompile Include="..\engine\RemoteAction.cpp">
      <Filter>Source Files\engine</Filter>
    </ClCompile>
    <ClCompile Include="..\engine\RestClient.cpp">
      <Filter>Source Files\engine</Filter>
    </ClCompile>
    <ClCompile Include="..\engine\Room.cpp">
      <Filter>Source Files\engine</Filter>
    </ClCompile>
    <ClCompile Include="..\engine\ScriptedSync.cpp">
      <Filter>Source Files\engine</Filter>
    </ClCompile>
    <ClCompile Include="..\engine\Sync.cpp">
      <Filter>Source Files\engine</Filter>
    </ClCompile>
    <ClCompile Include="..\engine\Sys.cpp">
      <Filter>Source Files\engine</Filter>
    </ClCompile>
    <ClCompile Include="..\engine\Transport.cpp">
      <Filter>Source Files\engine</Filter>
    </ClCompile>
    <ClCompile Include="..\engine\UdpSocket.cpp">
      <Filter>Source Files\engine</Filter>
    </ClCompile>
    <ClCompile Include="..\engine\UdpTransport.cpp">
      <Filter>Source Files\engine</Filter>
    </ClCompile>
  </ItemGroup>
  <ItemGroup>
    <ResourceCompile Include="H2HAdventure.rc">
      <Filter>Resource Files</Filter>
    </ResourceCompile>
  </ItemGroup>
  <ItemGroup>
    <None Include="res\H2HAdventure.rc2">
      <Filter>Resource Files</Filter>
    </None>
    <None Include="res\wav1.bin">
      <Filter>Resource Files</Filter>
    </None>
  </ItemGroup>
  <ItemGroup>
    <Image Include="res\H2HAdventure.ico">
      <Filter>Resource Files</Filter>
    </Image>
  </ItemGroup>
  <ItemGroup>
    <Media Include="..\sounds\pickup.wav">
      <Filter>Resource Files</Filter>
    </Media>
    <Media Include="..\sounds\pickup_near.wav">
      <Filter>Resource Files</Filter>
    </Media>
    <Media Include="..\sounds\pickup_far.wav">
      <Filter>Resource Files</Filter>
    </Media>
    <Media Include="..\sounds\putdown.wav">
      <Filter>Resource Files</Filter>
    </Media>
    <Media Include="..\sounds\putdown_far.wav">
      <Filter>Resource Files</Filter>
    </Media>
    <Media Include="..\sounds\putdown_near.wav">
      <Filter>Resource Files</Filter>
    </Media>
  </ItemGroup>
</Project>