<?xml version="1.0" encoding="utf-8"?>
<Project ToolsVersion="4.0" xmlns="http://schemas.microsoft.com/developer/msbuild/2003">
  <ItemGroup>
    <Filter Include="Source Files">
      <UniqueIdentifier>{4FC737F1-C7A5-4376-A066-2A32D752A2FF}</UniqueIdentifier>
      <Extensions>cpp;c;cxx;def;odl;idl;hpj;bat;asm;asmx</Extensions>
    </Filter>
    <Filter Include="Header Files">
      <UniqueIdentifier>{93995380-89BD-4b04-88EB-625FBE52EBFB}</UniqueIdentifier>
      <Extensions>h;hpp;hxx;hm;inl;inc;xsd</Extensions>
    </Filter>
    <Filter Include="Resource Files">
      <UniqueIdentifier>{67DA6AB6-F800-4c08-8B7A-83BB121AAD01}</UniqueIdentifier>
      <Extensions>rc;ico;cur;bmp;dlg;rc2;rct;bin;rgs;gif;jpg;jpeg;jpe;resx</Extensions>
    </Filter>
    <Filter Include="Source Files\engine">
      <UniqueIdentifier>{4d164040-a790-441b-9446-bc3438fa557a}</UniqueIdentifier>
    </Filter>
    <Filter Include="Source Files\pc">
      <UniqueIdentifier>{f560a7a3-07b3-434d-a636-ff1ac84788f0}</UniqueIdentifier>
    </Filter>
    <Filter Include="Header Files\engine">
      <UniqueIdentifier>{3d1f78fc-5444-49ea-b721-af225338359f}</UniqueIdentifier>
    </Filter>
    <Filter Include="Header Files\pc">
      <UniqueIdentifier>{00d77920-300f-48f3-b99e-472b6b0cbdae}</UniqueIdentifier>
    </Filter>
  </ItemGroup>
  <ItemGroup>
    <ClCompile Include="..\engine\Ball.cpp">
      <Filter>Source Files\engine</Filter>
    </ClCompile>
    <ClCompile Include="..\engine\ActionQueue.cpp">
      <Filter>Source Files\engine</Filter>
    </ClCompile>
    <ClCompile Include="..\engine\Adventure.cpp">
      <Filter>Source Files\engine</Filter>
    </ClCompile>
    <ClCompile Include="..\engine\Bat.cpp">
      <Filter>Source Files\engine</Filter>
    </ClCompile>
    <ClCompile Include="..\engine\Dragon.cpp">
      <Filter>Source Files\engine</Filter>
    </ClCompile>
    <ClCompile Include="..\engine\GameObject.cpp">
      <Filter>Source Files\engine</Filter>
    </ClCompile>
    <ClCompile Include="..\engine\Portcullis.cpp">
      <Filter>Source Files\engine</Filter>
    </ClCompile>
    <ClCompile Include="..\engine\RemoteAction.cpp">
      <Filter>Source Files\engine</Filter>
    </ClCompile>
    <ClCompile Include="..\engine\Sync.cpp">
      <Filter>Source Files\engine</Filter>
    </ClCompile>
    <ClCompile Include="..\engine\Transport.cpp">
      <Filter>Source Files\engine</Filter>
    </ClCompile>
    <ClCompile Include="stdafx.cpp">
      <Filter>Source Files\pc</Filter>
    </ClCompile>
    <ClCompile Include="WinAdventure.cpp">
      <Filter>Source Files\pc</Filter>
    </ClCompile>
    <ClCompile Include="..\engine\YTransport.cpp">
      <Filter>Source Files\engine</Filter>
    </ClCompile>
    <ClCompile Include="..\engine\Board.cpp">
      <Filter>Source Files\engine</Filter>
    </ClCompile>
    <ClCompile Include="..\engine\Map.cpp">
      <Filter>Source Files\engine</Filter>
    </ClCompile>
    <ClCompile Include="..\engine\Room.cpp">
      <Filter>Source Files\engine</Filter>
    </ClCompile>
    <ClCompile Include="WinTcpTransport.cpp">
      <Filter>Source Files\pc</Filter>
    </ClCompile>
    <ClCompile Include="..\engine\TcpTransport.cpp">
      <Filter>Source Files\engine</Filter>
    </ClCompile>
    <ClCompile Include="..\engine\UdpTransport.cpp">
      <Filter>Source Files\engine</Filter>
    </ClCompile>
    <ClCompile Include="..\engine\Sys.cpp">
      <Filter>Source Files\engine</Filter>
    </ClCompile>
    <ClCompile Include="WinUdpTransport.cpp">
      <Filter>Source Files\pc</Filter>
    </ClCompile>
    <ClCompile Include="..\engine\ScriptedSync.cpp">
      <Filter>Source Files\engine</Filter>
    </ClCompile>
  </ItemGroup>
  <ItemGroup>
    <ClInclude Include="..\engine\ActionQueue.hpp">
      <Filter>Header Files\engine</Filter>
    </ClInclude>
    <ClInclude Include="..\engine\Ball.hpp">
      <Filter>Header Files\engine</Filter>
    </ClInclude>
    <ClInclude Include="..\engine\Bat.hpp">
      <Filter>Header Files\engine</Filter>
    </ClInclude>
    <ClInclude Include="..\engine\Dragon.hpp">
      <Filter>Header Files\engine</Filter>
    </ClInclude>
    <ClInclude Include="..\engine\GameObject.hpp">
      <Filter>Header Files\engine</Filter>
    </ClInclude>
    <ClInclude Include="..\engine\Portcullis.hpp">
      <Filter>Header Files\engine</Filter>
    </ClInclude>
    <ClInclude Include="..\engine\adventure_sys.h">
      <Filter>Header Files\engine</Filter>
    </ClInclude>
    <ClInclude Include="..\engine\Adventure.h">
      <Filter>Header Files\engine</Filter>
    </ClInclude>
    <ClInclude Include="..\engine\color.h">
      <Filter>Header Files\engine</Filter>
    </ClInclude>
    <ClInclude Include="..\engine\RemoteAction.hpp">
      <Filter>Header Files\engine</Filter>
    </ClInclude>
    <ClInclude Include="..\engine\Sync.hpp">
      <Filter>Header Files\engine</Filter>
    </ClInclude>
    <ClInclude Include="..\engine\Transport.hpp">
      <Filter>Header Files\engine</Filter>
    </ClInclude>
    <ClInclude Include="resource.h">
      <Filter>Header Files\pc</Filter>
    </ClInclude>
    <ClInclude Include="stdafx.h">
      <Filter>Header Files\pc</Filter>
    </ClInclude>
    <ClInclude Include="WinAdventure.h">
      <Filter>Header Files\pc</Filter>
    </ClInclude>
    <ClInclude Include="..\engine\YTransport.hpp">
      <Filter>Header Files\engine</Filter>
    </ClInclude>
    <ClInclude Include="..\engine\Board.hpp">
      <Filter>Header Files\engine</Filter>
    </ClInclude>
    <ClInclude Include="..\engine\Map.hpp">
      <Filter>Header Files\engine</Filter>
    </ClInclude>
    <ClInclude Include="..\engine\Room.hpp">
      <Filter>Header Files\engine</Filter>
    </ClInclude>
    <ClInclude Include="WinTcpTransport.h">
      <Filter>Header Files\pc</Filter>
    </ClInclude>
    <ClInclude Include="..\engine\TcpTransport.hpp">
      <Filter>Header Files\engine</Filter>
    </ClInclude>
    <ClInclude Include="..\engine\UdpTransport.hpp">
      <Filter>Header Files\engine</Filter>
    </ClInclude>
    <ClInclude Include="..\engine\Sys.hpp">
      <Filter>Header Files\engine</Filter>
    </ClInclude>
    <ClInclude Include="WinUdpTransport.h">
      <Filter>Header Files\pc</Filter>
    </ClInclude>
    <ClInclude Include="..\engine\ScriptedSync.hpp">
      <Filter>Header Files\engine</Filter>
    </ClInclude>
  </ItemGroup>
  <ItemGroup>
    <Image Include="small.ico">
      <Filter>Resource Files</Filter>
    </Image>
    <Image Include="WinAdventure.ico">
      <Filter>Resource Files</Filter>
    </Image>
  </ItemGroup>
  <ItemGroup>
    <ResourceCompile Include="WinAdventure.rc">
      <Filter>Resource Files</Filter>
    </ResourceCompile>
  </ItemGroup>
  <ItemGroup>
    <Text Include="ReadMe.txt" />
  </ItemGroup>
</Project>